
Microsoft Visual Studio Solution File, Format Version 12.00
# Visual Studio Version 16
VisualStudioVersion = 16.0.33130.400
MinimumVisualStudioVersion = 10.0.40219.1
Project("{9A19103F-16F7-4668-BE54-9A1E7A4F7556}") = "EmployeeManagementSystem", "EmployeeManagementSystem\EmployeeManagementSystem.csproj", "{A814B1D7-EF68-4659-9D4F-3D34462864DB}"
EndProject
Project("{9A19103F-16F7-4668-BE54-9A1E7A4F7556}") = "EmployeeManagementSystem.DataAccess", "EmployeeManagementSystem.DataAccess\EmployeeManagementSystem.DataAccess.csproj", "{78C92388-42A2-438B-8F05-5ADC93D0AD38}"
EndProject
Project("{9A19103F-16F7-4668-BE54-9A1E7A4F7556}") = "EmployeeManagementSystem.Models", "EmployeeManagementSystem.Models\EmployeeManagementSystem.Models.csproj", "{7219EF79-46D3-42F7-8C68-84393FEDD879}"
EndProject
Project("{FAE04EC0-301F-11D3-BF4B-00C04F79EFBC}") = "EmployeeManagementSystem.Test", "EmployeeManagementSystem.Test\EmployeeManagementSystem.Test.csproj", "{0E22EEB0-4883-4542-B4B1-D7D2CE981C35}"
EndProject
Global
	GlobalSection(SolutionConfigurationPlatforms) = preSolution
		Debug|Any CPU = Debug|Any CPU
		Release|Any CPU = Release|Any CPU
	EndGlobalSection
	GlobalSection(ProjectConfigurationPlatforms) = postSolution
		{A814B1D7-EF68-4659-9D4F-3D34462864DB}.Debug|Any CPU.ActiveCfg = Debug|Any CPU
		{A814B1D7-EF68-4659-9D4F-3D34462864DB}.Debug|Any CPU.Build.0 = Debug|Any CPU
		{A814B1D7-EF68-4659-9D4F-3D34462864DB}.Release|Any CPU.ActiveCfg = Release|Any CPU
		{A814B1D7-EF68-4659-9D4F-3D34462864DB}.Release|Any CPU.Build.0 = Release|Any CPU
		{78C92388-42A2-438B-8F05-5ADC93D0AD38}.Debug|Any CPU.ActiveCfg = Debug|Any CPU
		{78C92388-42A2-438B-8F05-5ADC93D0AD38}.Debug|Any CPU.Build.0 = Debug|Any CPU
		{78C92388-42A2-438B-8F05-5ADC93D0AD38}.Release|Any CPU.ActiveCfg = Release|Any CPU
		{78C92388-42A2-438B-8F05-5ADC93D0AD38}.Release|Any CPU.Build.0 = Release|Any CPU
		{7219EF79-46D3-42F7-8C68-84393FEDD879}.Debug|Any CPU.ActiveCfg = Debug|Any CPU
		{7219EF79-46D3-42F7-8C68-84393FEDD879}.Debug|Any CPU.Build.0 = Debug|Any CPU
		{7219EF79-46D3-42F7-8C68-84393FEDD879}.Release|Any CPU.ActiveCfg = Release|Any CPU
		{7219EF79-46D3-42F7-8C68-84393FEDD879}.Release|Any CPU.Build.0 = Release|Any CPU
		{0E22EEB0-4883-4542-B4B1-D7D2CE981C35}.Debug|Any CPU.ActiveCfg = Debug|Any CPU
		{0E22EEB0-4883-4542-B4B1-D7D2CE981C35}.Debug|Any CPU.Build.0 = Debug|Any CPU
		{0E22EEB0-4883-4542-B4B1-D7D2CE981C35}.Release|Any CPU.ActiveCfg = Release|Any CPU
		{0E22EEB0-4883-4542-B4B1-D7D2CE981C35}.Release|Any CPU.Build.0 = Release|Any CPU
	EndGlobalSection
	GlobalSection(SolutionProperties) = preSolution
		HideSolutionNode = FALSE
	EndGlobalSection
	GlobalSection(ExtensibilityGlobals) = postSolution
		SolutionGuid = {050689D9-F7E2-44C3-A74B-E543C832082D}
	EndGlobalSection
EndGlobal
